
Microsoft Visual Studio Solution File, Format Version 12.00
# Visual Studio Version 16
VisualStudioVersion = 16.0.31624.102
MinimumVisualStudioVersion = 10.0.40219.1
Project("{FAE04EC0-301F-11D3-BF4B-00C04F79EFBC}") = "Model", "Model\Model.csproj", "{6B21B026-A9C1-4AB3-89A6-E555C8D3BDC9}"
EndProject
Project("{FAE04EC0-301F-11D3-BF4B-00C04F79EFBC}") = "Web", "Web\Web.csproj", "{01C5C09D-82C7-4199-BDD6-C25909553391}"
EndProject
Project("{FAE04EC0-301F-11D3-BF4B-00C04F79EFBC}") = "API", "API\API.csproj", "{57F539B6-32B9-4511-BE4B-44886FCCBABF}"
EndProject
Global
	GlobalSection(SolutionConfigurationPlatforms) = preSolution
		Debug|Any CPU = Debug|Any CPU
		Release|Any CPU = Release|Any CPU
	EndGlobalSection
	GlobalSection(ProjectConfigurationPlatforms) = postSolution
		{6B21B026-A9C1-4AB3-89A6-E555C8D3BDC9}.Debug|Any CPU.ActiveCfg = Debug|Any CPU
		{6B21B026-A9C1-4AB3-89A6-E555C8D3BDC9}.Debug|Any CPU.Build.0 = Debug|Any CPU
		{6B21B026-A9C1-4AB3-89A6-E555C8D3BDC9}.Release|Any CPU.ActiveCfg = Release|Any CPU
		{6B21B026-A9C1-4AB3-89A6-E555C8D3BDC9}.Release|Any CPU.Build.0 = Release|Any CPU
		{01C5C09D-82C7-4199-BDD6-C25909553391}.Debug|Any CPU.ActiveCfg = Debug|Any CPU
		{01C5C09D-82C7-4199-BDD6-C25909553391}.Debug|Any CPU.Build.0 = Debug|Any CPU
		{01C5C09D-82C7-4199-BDD6-C25909553391}.Release|Any CPU.ActiveCfg = Release|Any CPU
		{01C5C09D-82C7-4199-BDD6-C25909553391}.Release|Any CPU.Build.0 = Release|Any CPU
		{57F539B6-32B9-4511-BE4B-44886FCCBABF}.Debug|Any CPU.ActiveCfg = Debug|Any CPU
		{57F539B6-32B9-4511-BE4B-44886FCCBABF}.Debug|Any CPU.Build.0 = Debug|Any CPU
		{57F539B6-32B9-4511-BE4B-44886FCCBABF}.Release|Any CPU.ActiveCfg = Release|Any CPU
		{57F539B6-32B9-4511-BE4B-44886FCCBABF}.Release|Any CPU.Build.0 = Release|Any CPU
	EndGlobalSection
	GlobalSection(SolutionProperties) = preSolution
		HideSolutionNode = FALSE
	EndGlobalSection
	GlobalSection(ExtensibilityGlobals) = postSolution
		SolutionGuid = {B48DF4ED-8FB8-45C9-B5BF-DF6693BE6E95}
	EndGlobalSection
EndGlobal
